
Microsoft Visual Studio Solution File, Format Version 12.00
# Visual Studio 15
VisualStudioVersion = 15.0.28307.421
MinimumVisualStudioVersion = 10.0.40219.1
Project("{FAE04EC0-301F-11D3-BF4B-00C04F79EFBC}") = "DVDLogo", "DVDLogo\DVDLogo.csproj", "{0E6467C9-EC24-4B81-91D7-A54B87D4827F}"
EndProject
Global
	GlobalSection(SolutionConfigurationPlatforms) = preSolution
		Debug|Any CPU = Debug|Any CPU
		Release|Any CPU = Release|Any CPU
	EndGlobalSection
	GlobalSection(ProjectConfigurationPlatforms) = postSolution
		{0E6467C9-EC24-4B81-91D7-A54B87D4827F}.Debug|Any CPU.ActiveCfg = Debug|Any CPU
		{0E6467C9-EC24-4B81-91D7-A54B87D4827F}.Debug|Any CPU.Build.0 = Debug|Any CPU
		{0E6467C9-EC24-4B81-91D7-A54B87D4827F}.Release|Any CPU.ActiveCfg = Release|Any CPU
		{0E6467C9-EC24-4B81-91D7-A54B87D4827F}.Release|Any CPU.Build.0 = Release|Any CPU
	EndGlobalSection
	GlobalSection(SolutionProperties) = preSolution
		HideSolutionNode = FALSE
	EndGlobalSection
	GlobalSection(ExtensibilityGlobals) = postSolution
		SolutionGuid = {17D3D72D-A43C-4982-B305-489712F2690A}
	EndGlobalSection
EndGlobal
